
Microsoft Visual Studio Solution File, Format Version 12.00
# Visual Studio Version 17
VisualStudioVersion = 17.8.34408.163
MinimumVisualStudioVersion = 10.0.40219.1
Project("{9A19103F-16F7-4668-BE54-9A1E7A4F7556}") = "EventHubApp", "EventHubApp\EventHubApp.csproj", "{5B84CAD3-FF69-41F4-BE99-2C9CCFFDB857}"
EndProject
Project("{9A19103F-16F7-4668-BE54-9A1E7A4F7556}") = "EventHubApp.Client", "EventHubApp.Client\EventHubApp.Client.csproj", "{C1964E47-46D2-46A3-9B66-3FF4928E845E}"
EndProject
Global
	GlobalSection(SolutionConfigurationPlatforms) = preSolution
		Debug|Any CPU = Debug|Any CPU
		Release|Any CPU = Release|Any CPU
	EndGlobalSection
	GlobalSection(ProjectConfigurationPlatforms) = postSolution
		{5B84CAD3-FF69-41F4-BE99-2C9CCFFDB857}.Debug|Any CPU.ActiveCfg = Debug|Any CPU
		{5B84CAD3-FF69-41F4-BE99-2C9CCFFDB857}.Debug|Any CPU.Build.0 = Debug|Any CPU
		{5B84CAD3-FF69-41F4-BE99-2C9CCFFDB857}.Release|Any CPU.ActiveCfg = Release|Any CPU
		{5B84CAD3-FF69-41F4-BE99-2C9CCFFDB857}.Release|Any CPU.Build.0 = Release|Any CPU
		{C1964E47-46D2-46A3-9B66-3FF4928E845E}.Debug|Any CPU.ActiveCfg = Debug|Any CPU
		{C1964E47-46D2-46A3-9B66-3FF4928E845E}.Debug|Any CPU.Build.0 = Debug|Any CPU
		{C1964E47-46D2-46A3-9B66-3FF4928E845E}.Release|Any CPU.ActiveCfg = Release|Any CPU
		{C1964E47-46D2-46A3-9B66-3FF4928E845E}.Release|Any CPU.Build.0 = Release|Any CPU
	EndGlobalSection
	GlobalSection(SolutionProperties) = preSolution
		HideSolutionNode = FALSE
	EndGlobalSection
	GlobalSection(ExtensibilityGlobals) = postSolution
		SolutionGuid = {9C9BF2ED-6980-43CC-A805-2F7561C95E64}
	EndGlobalSection
EndGlobal
